// !$*UTF8*$!
{
	archiveVersion = 1;
	classes = {
	};
	objectVersion = 50;
	objects = {

/* Begin PBXBuildFile section */
		B6DF15BB2440A0EF00F54A90 /* AppDelegate.swift in Sources */ = {isa = PBXBuildFile; fileRef = B6DF15BA2440A0EF00F54A90 /* AppDelegate.swift */; };
		B6DF15BD2440A0EF00F54A90 /* SceneDelegate.swift in Sources */ = {isa = PBXBuildFile; fileRef = B6DF15BC2440A0EF00F54A90 /* SceneDelegate.swift */; };
		B6DF15BF2440A0EF00F54A90 /* ViewController.swift in Sources */ = {isa = PBXBuildFile; fileRef = B6DF15BE2440A0EF00F54A90 /* ViewController.swift */; };
		B6DF15C22440A0EF00F54A90 /* Main.storyboard in Resources */ = {isa = PBXBuildFile; fileRef = B6DF15C02440A0EF00F54A90 /* Main.storyboard */; };
		B6DF15C42440A0FD00F54A90 /* Assets.xcassets in Resources */ = {isa = PBXBuildFile; fileRef = B6DF15C32440A0FD00F54A90 /* Assets.xcassets */; };
		B6DF15C72440A0FD00F54A90 /* LaunchScreen.storyboard in Resources */ = {isa = PBXBuildFile; fileRef = B6DF15C52440A0FD00F54A90 /* LaunchScreen.storyboard */; };
/* End PBXBuildFile section */

/* Begin PBXFileReference section */
		B6DF15B72440A0EF00F54A90 /* MemeMe_2.0.app */ = {isa = PBXFileReference; explicitFileType = wrapper.application; includeInIndex = 0; path = MemeMe_2.0.app; sourceTree = BUILT_PRODUCTS_DIR; };
		B6DF15BA2440A0EF00F54A90 /* AppDelegate.swift */ = {isa = PBXFileReference; lastKnownFileType = sourcecode.swift; path = AppDelegate.swift; sourceTree = "<group>"; };
		B6DF15BC2440A0EF00F54A90 /* SceneDelegate.swift */ = {isa = PBXFileReference; lastKnownFileType = sourcecode.swift; path = SceneDelegate.swift; sourceTree = "<group>"; };
		B6DF15BE2440A0EF00F54A90 /* ViewController.swift */ = {isa = PBXFileReference; lastKnownFileType = sourcecode.swift; path = ViewController.swift; sourceTree = "<group>"; };
		B6DF15C12440A0EF00F54A90 /* Base */ = {isa = PBXFileReference; lastKnownFileType = file.storyboard; name = Base; path = Base.lproj/Main.storyboard; sourceTree = "<group>"; };
		B6DF15C32440A0FD00F54A90 /* Assets.xcassets */ = {isa = PBXFileReference; lastKnownFileType = folder.assetcatalog; path = Assets.xcassets; sourceTree = "<group>"; };
		B6DF15C62440A0FD00F54A90 /* Base */ = {isa = PBXFileReference; lastKnownFileType = file.storyboard; name = Base; path = Base.lproj/LaunchScreen.storyboard; sourceTree = "<group>"; };
		B6DF15C82440A0FD00F54A90 /* Info.plist */ = {isa = PBXFileReference; lastKnownFileType = text.plist.xml; path = Info.plist; sourceTree = "<group>"; };
/* End PBXFileReference section */

/* Begin PBXFrameworksBuildPhase section */
		B6DF15B42440A0EF00F54A90 /* Frameworks */ = {
			isa = PBXFrameworksBuildPhase;
			buildActionMask = 2147483647;
			files = (
			);
			runOnlyForDeploymentPostprocessing = 0;
		};
/* End PBXFrameworksBuildPhase section */

/* Begin PBXGroup section */
		B6DF15AE2440A0EF00F54A90 = {
			isa = PBXGroup;
			children = (
				B6DF15B92440A0EF00F54A90 /* MemeMe_2.0 */,
				B6DF15B82440A0EF00F54A90 /* Products */,
			);
			sourceTree = "<group>";
		};
		B6DF15B82440A0EF00F54A90 /* Products */ = {
			isa = PBXGroup;
			children = (
				B6DF15B72440A0EF00F54A90 /* MemeMe_2.0.app */,
			);
			name = Products;
			sourceTree = "<group>";
		};
		B6DF15B92440A0EF00F54A90 /* MemeMe_2.0 */ = {
			isa = PBXGroup;
			children = (
				B6DF15BA2440A0EF00F54A90 /* AppDelegate.swift */,
				B6DF15BC2440A0EF00F54A90 /* SceneDelegate.swift */,
				B6DF15BE2440A0EF00F54A90 /* ViewController.swift */,
				B6DF15C02440A0EF00F54A90 /* Main.storyboard */,
				B6DF15C32440A0FD00F54A90 /* Assets.xcassets */,
				B6DF15C52440A0FD00F54A90 /* LaunchScreen.storyboard */,
				B6DF15C82440A0FD00F54A90 /* Info.plist */,
			);
			path = MemeMe_2.0;
			sourceTree = "<group>";
		};
/* End PBXGroup section */

/* Begin PBXNativeTarget section */
		B6DF15B62440A0EF00F54A90 /* MemeMe_2.0 */ = {
			isa = PBXNativeTarget;
			buildConfigurationList = B6DF15CB2440A0FD00F54A90 /* Build configuration list for PBXNativeTarget "MemeMe_2.0" */;
			buildPhases = (
				B6DF15B32440A0EF00F54A90 /* Sources */,
				B6DF15B42440A0EF00F54A90 /* Frameworks */,
				B6DF15B52440A0EF00F54A90 /* Resources */,
			);
			buildRules = (
			);
			dependencies = (
			);
			name = MemeMe_2.0;
			productName = MemeMe_2.0;
			productReference = B6DF15B72440A0EF00F54A90 /* MemeMe_2.0.app */;
			productType = "com.apple.product-type.application";
		};
/* End PBXNativeTarget section */

/* Begin PBXProject section */
		B6DF15AF2440A0EF00F54A90 /* Project object */ = {
			isa = PBXProject;
			attributes = {
				LastSwiftUpdateCheck = 1120;
				LastUpgradeCheck = 1120;
				ORGANIZATIONNAME = "Abdalfattah Altaeb";
				TargetAttributes = {
					B6DF15B62440A0EF00F54A90 = {
						CreatedOnToolsVersion = 11.2;
					};
				};
			};
			buildConfigurationList = B6DF15B22440A0EF00F54A90 /* Build configuration list for PBXProject "MemeMe_2.0" */;
			compatibilityVersion = "Xcode 9.3";
			developmentRegion = en;
			hasScannedForEncodings = 0;
			knownRegions = (
				en,
				Base,
			);
			mainGroup = B6DF15AE2440A0EF00F54A90;
			productRefGroup = B6DF15B82440A0EF00F54A90 /* Products */;
			projectDirPath = "";
			projectRoot = "";
			targets = (
				B6DF15B62440A0EF00F54A90 /* MemeMe_2.0 */,
			);
		};
/* End PBXProject section */

/* Begin PBXResourcesBuildPhase section */
		B6DF15B52440A0EF00F54A90 /* Resources */ = {
			isa = PBXResourcesBuildPhase;
			buildActionMask = 2147483647;
			files = (
				B6DF15C72440A0FD00F54A90 /* LaunchScreen.storyboard in Resources */,
				B6DF15C42440A0FD00F54A90 /* Assets.xcassets in Resources */,
				B6DF15C22440A0EF00F54A90 /* Main.storyboard in Resources */,
			);
			runOnlyForDeploymentPostprocessing = 0;
		};
/* End PBXResourcesBuildPhase section */

/* Begin PBXSourcesBuildPhase section */
		B6DF15B32440A0EF00F54A90 /* Sources */ = {
			isa = PBXSourcesBuildPhase;
			buildActionMask = 2147483647;
			files = (
				B6DF15BF2440A0EF00F54A90 /* ViewController.swift in Sources */,
				B6DF15BB2440A0EF00F54A90 /* AppDelegate.swift in Sources */,
				B6DF15BD2440A0EF00F54A90 /* SceneDelegate.swift in Sources */,
			);
			runOnlyForDeploymentPostprocessing = 0;
		};
/* End PBXSourcesBuildPhase section */

/* Begin PBXVariantGroup section */
		B6DF15C02440A0EF00F54A90 /* Main.storyboard */ = {
			isa = PBXVariantGroup;
			children = (
				B6DF15C12440A0EF00F54A90 /* Base */,
			);
			name = Main.storyboard;
			sourceTree = "<group>";
		};
		B6DF15C52440A0FD00F54A90 /* LaunchScreen.storyboard */ = {
			isa = PBXVariantGroup;
			children = (
				B6DF15C62440A0FD00F54A90 /* Base */,
			);
			name = LaunchScreen.storyboard;
			sourceTree = "<group>";
		};
/* End PBXVariantGroup section */

/* Begin XCBuildConfiguration section */
		B6DF15C92440A0FD00F54A90 /* Debug */ = {
			isa = XCBuildConfiguration;
			buildSettings = {
				ALWAYS_SEARCH_USER_PATHS = NO;
				CLANG_ANALYZER_NONNULL = YES;
				CLANG_ANALYZER_NUMBER_OBJECT_CONVERSION = YES_AGGRESSIVE;
				CLANG_CXX_LANGUAGE_STANDARD = "gnu++14";
				CLANG_CXX_LIBRARY = "libc++";
				CLANG_ENABLE_MODULES = YES;
				CLANG_ENABLE_OBJC_ARC = YES;
				CLANG_ENABLE_OBJC_WEAK = YES;
				CLANG_WARN_BLOCK_CAPTURE_AUTORELEASING = YES;
				CLANG_WARN_BOOL_CONVERSION = YES;
				CLANG_WARN_COMMA = YES;
				CLANG_WARN_CONSTANT_CONVERSION = YES;
				CLANG_WARN_DEPRECATED_OBJC_IMPLEMENTATIONS = YES;
				CLANG_WARN_DIRECT_OBJC_ISA_USAGE = YES_ERROR;
				CLANG_WARN_DOCUMENTATION_COMMENTS = YES;
				CLANG_WARN_EMPTY_BODY = YES;
				CLANG_WARN_ENUM_CONVERSION = YES;
				CLANG_WARN_INFINITE_RECURSION = YES;
				CLANG_WARN_INT_CONVERSION = YES;
				CLANG_WARN_NON_LITERAL_NULL_CONVERSION = YES;
				CLANG_WARN_OBJC_IMPLICIT_RETAIN_SELF = YES;
				CLANG_WARN_OBJC_LITERAL_CONVERSION = YES;
				CLANG_WARN_OBJC_ROOT_CLASS = YES_ERROR;
				CLANG_WARN_RANGE_LOOP_ANALYSIS = YES;
				CLANG_WARN_STRICT_PROTOTYPES = YES;
				CLANG_WARN_SUSPICIOUS_MOVE = YES;
				CLANG_WARN_UNGUARDED_AVAILABILITY = YES_AGGRESSIVE;
				CLANG_WARN_UNREACHABLE_CODE = YES;
				CLANG_WARN__DUPLICATE_METHOD_MATCH = YES;
				COPY_PHASE_STRIP = NO;
				DEBUG_INFORMATION_FORMAT = dwarf;
				ENABLE_STRICT_OBJC_MSGSEND = YES;
				ENABLE_TESTABILITY = YES;
				GCC_C_LANGUAGE_STANDARD = gnu11;
				GCC_DYNAMIC_NO_PIC = NO;
				GCC_NO_COMMON_BLOCKS = YES;
				GCC_OPTIMIZATION_LEVEL = 0;
				GCC_PREPROCESSOR_DEFINITIONS = (
					"DEBUG=1",
					"$(inherited)",
				);
				GCC_WARN_64_TO_32_BIT_CONVERSION = YES;
				GCC_WARN_ABOUT_RETURN_TYPE = YES_ERROR;
				GCC_WARN_UNDECLARED_SELECTOR = YES;
				GCC_WARN_UNINITIALIZED_AUTOS = YES_AGGRESSIVE;
				GCC_WARN_UNUSED_FUNCTION = YES;
				GCC_WARN_UNUSED_VARIABLE = YES;
				IPHONEOS_DEPLOYMENT_TARGET = 13.2;
				MTL_ENABLE_DEBUG_INFO = INCLUDE_SOURCE;
				MTL_FAST_MATH = YES;
				ONLY_ACTIVE_ARCH = YES;
				SDKROOT = iphoneos;
				SWIFT_ACTIVE_COMPILATION_CONDITIONS = DEBUG;
				SWIFT_OPTIMIZATION_LEVEL = "-Onone";
			};
			name = Debug;
		};
		B6DF15CA2440A0FD00F54A90 /* Release */ = {
			isa = XCBuildConfiguration;
			buildSettings = {
				ALWAYS_SEARCH_USER_PATHS = NO;
				CLANG_ANALYZER_NONNULL = YES;
				CLANG_ANALYZER_NUMBER_OBJECT_CONVERSION = YES_AGGRESSIVE;
				CLANG_CXX_LANGUAGE_STANDARD = "gnu++14";
				CLANG_CXX_LIBRARY = "libc++";
				CLANG_ENABLE_MODULES = YES;
				CLANG_ENABLE_OBJC_ARC = YES;
				CLANG_ENABLE_OBJC_WEAK = YES;
				CLANG_WARN_BLOCK_CAPTURE_AUTORELEASING = YES;
				CLANG_WARN_BOOL_CONVERSION = YES;
				CLANG_WARN_COMMA = YES;
				CLANG_WARN_CONSTANT_CONVERSION = YES;
				CLANG_WARN_DEPRECATED_OBJC_IMPLEMENTATIONS = YES;
				CLANG_WARN_DIRECT_OBJC_ISA_USAGE = YES_ERROR;
				CLANG_WARN_DOCUMENTATION_COMMENTS = YES;
				CLANG_WARN_EMPTY_BODY = YES;
				CLANG_WARN_ENUM_CONVERSION = YES;
				CLANG_WARN_INFINITE_RECURSION = YES;
				CLANG_WARN_INT_CONVERSION = YES;
				CLANG_WARN_NON_LITERAL_NULL_CONVERSION = YES;
				CLANG_WARN_OBJC_IMPLICIT_RETAIN_SELF = YES;
				CLANG_WARN_OBJC_LITERAL_CONVERSION = YES;
				CLANG_WARN_OBJC_ROOT_CLASS = YES_ERROR;
				CLANG_WARN_RANGE_LOOP_ANALYSIS = YES;
				CLANG_WARN_STRICT_PROTOTYPES = YES;
				CLANG_WARN_SUSPICIOUS_MOVE = YES;
				CLANG_WARN_UNGUARDED_AVAILABILITY = YES_AGGRESSIVE;
				CLANG_WARN_UNREACHABLE_CODE = YES;
				CLANG_WARN__DUPLICATE_METHOD_MATCH = YES;
				COPY_PHASE_STRIP = NO;
				DEBUG_INFORMATION_FORMAT = "dwarf-with-dsym";
				ENABLE_NS_ASSERTIONS = NO;
				ENABLE_STRICT_OBJC_MSGSEND = YES;
				GCC_C_LANGUAGE_STANDARD = gnu11;
				GCC_NO_COMMON_BLOCKS = YES;
				GCC_WARN_64_TO_32_BIT_CONVERSION = YES;
				GCC_WARN_ABOUT_RETURN_TYPE = YES_ERROR;
				GCC_WARN_UNDECLARED_SELECTOR = YES;
				GCC_WARN_UNINITIALIZED_AUTOS = YES_AGGRESSIVE;
				GCC_WARN_UNUSED_FUNCTION = YES;
				GCC_WARN_UNUSED_VARIABLE = YES;
				IPHONEOS_DEPLOYMENT_TARGET = 13.2;
				MTL_ENABLE_DEBUG_INFO = NO;
				MTL_FAST_MATH = YES;
				SDKROOT = iphoneos;
				SWIFT_COMPILATION_MODE = wholemodule;
				SWIFT_OPTIMIZATION_LEVEL = "-O";
				VALIDATE_PRODUCT = YES;
			};
			name = Release;
		};
		B6DF15CC2440A0FD00F54A90 /* Debug */ = {
			isa = XCBuildConfiguration;
			buildSettings = {
				ASSETCATALOG_COMPILER_APPICON_NAME = AppIcon;
				CODE_SIGN_STYLE = Automatic;
				DEVELOPMENT_TEAM = LWPTKZY62Y;
				INFOPLIST_FILE = MemeMe_2.0/Info.plist;
				LD_RUNPATH_SEARCH_PATHS = (
					"$(inherited)",
					"@executable_path/Frameworks",
				);
				PRODUCT_BUNDLE_IDENTIFIER = "com.aftiyah.pitch-perfect.MemeMe-2-0";
				PRODUCT_NAME = "$(TARGET_NAME)";
				SWIFT_VERSION = 5.0;
				TARGETED_DEVICE_FAMILY = "1,2";
			};
			name = Debug;
		};
		B6DF15CD2440A0FD00F54A90 /* Release */ = {
			isa = XCBuildConfiguration;
			buildSettings = {
				ASSETCATALOG_COMPILER_APPICON_NAME = AppIcon;
				CODE_SIGN_STYLE = Automatic;
				DEVELOPMENT_TEAM = LWPTKZY62Y;
				INFOPLIST_FILE = MemeMe_2.0/Info.plist;
				LD_RUNPATH_SEARCH_PATHS = (
					"$(inherited)",
					"@executable_path/Frameworks",
				);
				PRODUCT_BUNDLE_IDENTIFIER = "com.aftiyah.pitch-perfect.MemeMe-2-0";
				PRODUCT_NAME = "$(TARGET_NAME)";
				SWIFT_VERSION = 5.0;
				TARGETED_DEVICE_FAMILY = "1,2";
			};
			name = Release;
		};
/* End XCBuildConfiguration section */

/* Begin XCConfigurationList section */
		B6DF15B22440A0EF00F54A90 /* Build configuration list for PBXProject "MemeMe_2.0" */ = {
			isa = XCConfigurationList;
			buildConfigurations = (
				B6DF15C92440A0FD00F54A90 /* Debug */,
				B6DF15CA2440A0FD00F54A90 /* Release */,
			);
			defaultConfigurationIsVisible = 0;
			defaultConfigurationName = Release;
		};
		B6DF15CB2440A0FD00F54A90 /* Build configuration list for PBXNativeTarget "MemeMe_2.0" */ = {
			isa = XCConfigurationList;
			buildConfigurations = (
				B6DF15CC2440A0FD00F54A90 /* Debug */,
				B6DF15CD2440A0FD00F54A90 /* Release */,
			);
			defaultConfigurationIsVisible = 0;
			defaultConfigurationName = Release;
		};
/* End XCConfigurationList section */
	};
	rootObject = B6DF15AF2440A0EF00F54A90 /* Project object */;
}
